
Microsoft Visual Studio Solution File, Format Version 12.00
# Visual Studio 14
VisualStudioVersion = 14.0.25420.1
MinimumVisualStudioVersion = 10.0.40219.1
Project("{FAE04EC0-301F-11D3-BF4B-00C04F79EFBC}") = "CRUDApplication", "CRUDApplication\CRUDApplication.csproj", "{E924B197-276D-439D-9428-662C486D5B4C}"
EndProject
Project("{FAE04EC0-301F-11D3-BF4B-00C04F79EFBC}") = "BlogDatabase", "BlogDatabase\BlogDatabase.csproj", "{4B83EFB5-9670-441C-A9CE-9B82AA55B5DF}"
EndProject
Global
	GlobalSection(SolutionConfigurationPlatforms) = preSolution
		Debug|Any CPU = Debug|Any CPU
		Release|Any CPU = Release|Any CPU
	EndGlobalSection
	GlobalSection(ProjectConfigurationPlatforms) = postSolution
		{E924B197-276D-439D-9428-662C486D5B4C}.Debug|Any CPU.ActiveCfg = Debug|Any CPU
		{E924B197-276D-439D-9428-662C486D5B4C}.Debug|Any CPU.Build.0 = Debug|Any CPU
		{E924B197-276D-439D-9428-662C486D5B4C}.Release|Any CPU.ActiveCfg = Release|Any CPU
		{E924B197-276D-439D-9428-662C486D5B4C}.Release|Any CPU.Build.0 = Release|Any CPU
		{4B83EFB5-9670-441C-A9CE-9B82AA55B5DF}.Debug|Any CPU.ActiveCfg = Debug|Any CPU
		{4B83EFB5-9670-441C-A9CE-9B82AA55B5DF}.Debug|Any CPU.Build.0 = Debug|Any CPU
		{4B83EFB5-9670-441C-A9CE-9B82AA55B5DF}.Release|Any CPU.ActiveCfg = Release|Any CPU
		{4B83EFB5-9670-441C-A9CE-9B82AA55B5DF}.Release|Any CPU.Build.0 = Release|Any CPU
	EndGlobalSection
	GlobalSection(SolutionProperties) = preSolution
		HideSolutionNode = FALSE
	EndGlobalSection
EndGlobal
