
Microsoft Visual Studio Solution File, Format Version 12.00
# Visual Studio 14
VisualStudioVersion = 14.0.23107.0
MinimumVisualStudioVersion = 10.0.40219.1
Project("{FAE04EC0-301F-11D3-BF4B-00C04F79EFBC}") = "OOP", "OOP\OOP.csproj", "{D6E0BDD9-5B9A-46B1-8B9D-62ABF560487A}"
EndProject
Project("{FAE04EC0-301F-11D3-BF4B-00C04F79EFBC}") = "Ellipse", "Ellipse\Ellipse.csproj", "{90634FDE-BB41-4B70-A886-B8E2E723D9EB}"
EndProject
Project("{FAE04EC0-301F-11D3-BF4B-00C04F79EFBC}") = "ShapeContract", "ShapeContract\ShapeContract.csproj", "{2468E476-9B30-4736-8DD1-B85179D82C19}"
EndProject
Project("{FAE04EC0-301F-11D3-BF4B-00C04F79EFBC}") = "Line", "Line\Line.csproj", "{5474AD2D-E7EF-4884-9D99-07787B1BB9FE}"
EndProject
Project("{FAE04EC0-301F-11D3-BF4B-00C04F79EFBC}") = "IsoTriangle", "IsoTriangle\IsoTriangle.csproj", "{007E7364-49E3-41FD-95F2-01768E6DE3EF}"
EndProject
Project("{FAE04EC0-301F-11D3-BF4B-00C04F79EFBC}") = "Rectangle", "Rectangle\Rectangle.csproj", "{3683EA52-1995-4820-82CD-A7E9B16E1A98}"
EndProject
Project("{FAE04EC0-301F-11D3-BF4B-00C04F79EFBC}") = "Trapeze", "Trapeze\Trapeze.csproj", "{5B963E34-7F03-4271-8280-8A07D60BD5B1}"
EndProject
Project("{FAE04EC0-301F-11D3-BF4B-00C04F79EFBC}") = "Triangle", "Triangle\Triangle.csproj", "{87BDD149-8BAD-4B04-9A0F-66D04D63DB27}"
EndProject
Project("{2150E333-8FDC-42A3-9474-1A3956D46DE8}") = "Shapes", "Shapes", "{30364C3B-005D-4AB4-B257-6B5CEE71CB66}"
EndProject
Global
	GlobalSection(SolutionConfigurationPlatforms) = preSolution
		Debug|Any CPU = Debug|Any CPU
		Release|Any CPU = Release|Any CPU
	EndGlobalSection
	GlobalSection(ProjectConfigurationPlatforms) = postSolution
		{D6E0BDD9-5B9A-46B1-8B9D-62ABF560487A}.Debug|Any CPU.ActiveCfg = Debug|Any CPU
		{D6E0BDD9-5B9A-46B1-8B9D-62ABF560487A}.Debug|Any CPU.Build.0 = Debug|Any CPU
		{D6E0BDD9-5B9A-46B1-8B9D-62ABF560487A}.Release|Any CPU.ActiveCfg = Release|Any CPU
		{D6E0BDD9-5B9A-46B1-8B9D-62ABF560487A}.Release|Any CPU.Build.0 = Release|Any CPU
		{90634FDE-BB41-4B70-A886-B8E2E723D9EB}.Debug|Any CPU.ActiveCfg = Debug|Any CPU
		{90634FDE-BB41-4B70-A886-B8E2E723D9EB}.Debug|Any CPU.Build.0 = Debug|Any CPU
		{90634FDE-BB41-4B70-A886-B8E2E723D9EB}.Release|Any CPU.ActiveCfg = Release|Any CPU
		{90634FDE-BB41-4B70-A886-B8E2E723D9EB}.Release|Any CPU.Build.0 = Release|Any CPU
		{2468E476-9B30-4736-8DD1-B85179D82C19}.Debug|Any CPU.ActiveCfg = Debug|Any CPU
		{2468E476-9B30-4736-8DD1-B85179D82C19}.Debug|Any CPU.Build.0 = Debug|Any CPU
		{2468E476-9B30-4736-8DD1-B85179D82C19}.Release|Any CPU.ActiveCfg = Release|Any CPU
		{2468E476-9B30-4736-8DD1-B85179D82C19}.Release|Any CPU.Build.0 = Release|Any CPU
		{5474AD2D-E7EF-4884-9D99-07787B1BB9FE}.Debug|Any CPU.ActiveCfg = Debug|Any CPU
		{5474AD2D-E7EF-4884-9D99-07787B1BB9FE}.Debug|Any CPU.Build.0 = Debug|Any CPU
		{5474AD2D-E7EF-4884-9D99-07787B1BB9FE}.Release|Any CPU.ActiveCfg = Release|Any CPU
		{5474AD2D-E7EF-4884-9D99-07787B1BB9FE}.Release|Any CPU.Build.0 = Release|Any CPU
		{007E7364-49E3-41FD-95F2-01768E6DE3EF}.Debug|Any CPU.ActiveCfg = Debug|Any CPU
		{007E7364-49E3-41FD-95F2-01768E6DE3EF}.Debug|Any CPU.Build.0 = Debug|Any CPU
		{007E7364-49E3-41FD-95F2-01768E6DE3EF}.Release|Any CPU.ActiveCfg = Release|Any CPU
		{007E7364-49E3-41FD-95F2-01768E6DE3EF}.Release|Any CPU.Build.0 = Release|Any CPU
		{3683EA52-1995-4820-82CD-A7E9B16E1A98}.Debug|Any CPU.ActiveCfg = Debug|Any CPU
		{3683EA52-1995-4820-82CD-A7E9B16E1A98}.Debug|Any CPU.Build.0 = Debug|Any CPU
		{3683EA52-1995-4820-82CD-A7E9B16E1A98}.Release|Any CPU.ActiveCfg = Release|Any CPU
		{3683EA52-1995-4820-82CD-A7E9B16E1A98}.Release|Any CPU.Build.0 = Release|Any CPU
		{5B963E34-7F03-4271-8280-8A07D60BD5B1}.Debug|Any CPU.ActiveCfg = Debug|Any CPU
		{5B963E34-7F03-4271-8280-8A07D60BD5B1}.Debug|Any CPU.Build.0 = Debug|Any CPU
		{5B963E34-7F03-4271-8280-8A07D60BD5B1}.Release|Any CPU.ActiveCfg = Release|Any CPU
		{5B963E34-7F03-4271-8280-8A07D60BD5B1}.Release|Any CPU.Build.0 = Release|Any CPU
		{87BDD149-8BAD-4B04-9A0F-66D04D63DB27}.Debug|Any CPU.ActiveCfg = Debug|Any CPU
		{87BDD149-8BAD-4B04-9A0F-66D04D63DB27}.Debug|Any CPU.Build.0 = Debug|Any CPU
		{87BDD149-8BAD-4B04-9A0F-66D04D63DB27}.Release|Any CPU.ActiveCfg = Release|Any CPU
		{87BDD149-8BAD-4B04-9A0F-66D04D63DB27}.Release|Any CPU.Build.0 = Release|Any CPU
	EndGlobalSection
	GlobalSection(SolutionProperties) = preSolution
		HideSolutionNode = FALSE
	EndGlobalSection
	GlobalSection(NestedProjects) = preSolution
		{90634FDE-BB41-4B70-A886-B8E2E723D9EB} = {30364C3B-005D-4AB4-B257-6B5CEE71CB66}
		{5474AD2D-E7EF-4884-9D99-07787B1BB9FE} = {30364C3B-005D-4AB4-B257-6B5CEE71CB66}
		{007E7364-49E3-41FD-95F2-01768E6DE3EF} = {30364C3B-005D-4AB4-B257-6B5CEE71CB66}
		{3683EA52-1995-4820-82CD-A7E9B16E1A98} = {30364C3B-005D-4AB4-B257-6B5CEE71CB66}
		{5B963E34-7F03-4271-8280-8A07D60BD5B1} = {30364C3B-005D-4AB4-B257-6B5CEE71CB66}
		{87BDD149-8BAD-4B04-9A0F-66D04D63DB27} = {30364C3B-005D-4AB4-B257-6B5CEE71CB66}
	EndGlobalSection
EndGlobal
