
Microsoft Visual Studio Solution File, Format Version 12.00
# Visual Studio 14
VisualStudioVersion = 14.0.25420.1
MinimumVisualStudioVersion = 10.0.40219.1
Project("{FAE04EC0-301F-11D3-BF4B-00C04F79EFBC}") = "CRUD", "CRUD\CRUD.csproj", "{BA524854-DB99-4283-BA2E-71E8B15F713E}"
EndProject
Project("{FAE04EC0-301F-11D3-BF4B-00C04F79EFBC}") = "BlogDB", "BlogDB\BlogDB.csproj", "{B83E0D38-17D2-453C-B151-662F0634CA0A}"
EndProject
Project("{FAE04EC0-301F-11D3-BF4B-00C04F79EFBC}") = "ConsoleApplication1", "ConsoleApplication1\ConsoleApplication1.csproj", "{8C404412-CD59-4F7F-9504-E14785FA76F9}"
EndProject
Global
	GlobalSection(SolutionConfigurationPlatforms) = preSolution
		Debug|Any CPU = Debug|Any CPU
		Release|Any CPU = Release|Any CPU
	EndGlobalSection
	GlobalSection(ProjectConfigurationPlatforms) = postSolution
		{BA524854-DB99-4283-BA2E-71E8B15F713E}.Debug|Any CPU.ActiveCfg = Debug|Any CPU
		{BA524854-DB99-4283-BA2E-71E8B15F713E}.Debug|Any CPU.Build.0 = Debug|Any CPU
		{BA524854-DB99-4283-BA2E-71E8B15F713E}.Release|Any CPU.ActiveCfg = Release|Any CPU
		{BA524854-DB99-4283-BA2E-71E8B15F713E}.Release|Any CPU.Build.0 = Release|Any CPU
		{B83E0D38-17D2-453C-B151-662F0634CA0A}.Debug|Any CPU.ActiveCfg = Debug|Any CPU
		{B83E0D38-17D2-453C-B151-662F0634CA0A}.Debug|Any CPU.Build.0 = Debug|Any CPU
		{B83E0D38-17D2-453C-B151-662F0634CA0A}.Release|Any CPU.ActiveCfg = Release|Any CPU
		{B83E0D38-17D2-453C-B151-662F0634CA0A}.Release|Any CPU.Build.0 = Release|Any CPU
		{8C404412-CD59-4F7F-9504-E14785FA76F9}.Debug|Any CPU.ActiveCfg = Debug|Any CPU
		{8C404412-CD59-4F7F-9504-E14785FA76F9}.Debug|Any CPU.Build.0 = Debug|Any CPU
		{8C404412-CD59-4F7F-9504-E14785FA76F9}.Release|Any CPU.ActiveCfg = Release|Any CPU
		{8C404412-CD59-4F7F-9504-E14785FA76F9}.Release|Any CPU.Build.0 = Release|Any CPU
	EndGlobalSection
	GlobalSection(SolutionProperties) = preSolution
		HideSolutionNode = FALSE
	EndGlobalSection
EndGlobal
