
Microsoft Visual Studio Solution File, Format Version 12.00
# Visual Studio 14
VisualStudioVersion = 14.0.25420.1
MinimumVisualStudioVersion = 10.0.40219.1
Project("{FAE04EC0-301F-11D3-BF4B-00C04F79EFBC}") = "DB", "DB\DB.csproj", "{1176BC5D-30B4-4682-B2E0-BA63D93BCEE8}"
EndProject
Project("{FAE04EC0-301F-11D3-BF4B-00C04F79EFBC}") = "Database", "..\Database\Database\Database.csproj", "{791F50A6-DE71-4435-95C2-B76F1AF44E58}"
EndProject
Global
	GlobalSection(SolutionConfigurationPlatforms) = preSolution
		Debug|Any CPU = Debug|Any CPU
		Release|Any CPU = Release|Any CPU
	EndGlobalSection
	GlobalSection(ProjectConfigurationPlatforms) = postSolution
		{1176BC5D-30B4-4682-B2E0-BA63D93BCEE8}.Debug|Any CPU.ActiveCfg = Debug|Any CPU
		{1176BC5D-30B4-4682-B2E0-BA63D93BCEE8}.Debug|Any CPU.Build.0 = Debug|Any CPU
		{1176BC5D-30B4-4682-B2E0-BA63D93BCEE8}.Release|Any CPU.ActiveCfg = Release|Any CPU
		{1176BC5D-30B4-4682-B2E0-BA63D93BCEE8}.Release|Any CPU.Build.0 = Release|Any CPU
		{791F50A6-DE71-4435-95C2-B76F1AF44E58}.Debug|Any CPU.ActiveCfg = Debug|Any CPU
		{791F50A6-DE71-4435-95C2-B76F1AF44E58}.Debug|Any CPU.Build.0 = Debug|Any CPU
		{791F50A6-DE71-4435-95C2-B76F1AF44E58}.Release|Any CPU.ActiveCfg = Release|Any CPU
		{791F50A6-DE71-4435-95C2-B76F1AF44E58}.Release|Any CPU.Build.0 = Release|Any CPU
	EndGlobalSection
	GlobalSection(SolutionProperties) = preSolution
		HideSolutionNode = FALSE
	EndGlobalSection
EndGlobal
