
Microsoft Visual Studio Solution File, Format Version 12.00
# Visual Studio 14
VisualStudioVersion = 14.0.23107.0
MinimumVisualStudioVersion = 10.0.40219.1
Project("{FAE04EC0-301F-11D3-BF4B-00C04F79EFBC}") = "Database", "Database\Database.csproj", "{B1DDA2A1-B71E-4D9D-AF98-F6035F2893C4}"
EndProject
Project("{FAE04EC0-301F-11D3-BF4B-00C04F79EFBC}") = "DatabaseHost", "DatabaseHost\DatabaseHost.csproj", "{4E7A8B96-8075-45C9-A075-054313B20153}"
EndProject
Project("{FAE04EC0-301F-11D3-BF4B-00C04F79EFBC}") = "Data", "Data\Data.csproj", "{BBEA72E8-6CC5-4BC2-B3F3-40DF104CF687}"
EndProject
Global
	GlobalSection(SolutionConfigurationPlatforms) = preSolution
		Debug|Any CPU = Debug|Any CPU
		Release|Any CPU = Release|Any CPU
	EndGlobalSection
	GlobalSection(ProjectConfigurationPlatforms) = postSolution
		{B1DDA2A1-B71E-4D9D-AF98-F6035F2893C4}.Debug|Any CPU.ActiveCfg = Debug|Any CPU
		{B1DDA2A1-B71E-4D9D-AF98-F6035F2893C4}.Debug|Any CPU.Build.0 = Debug|Any CPU
		{B1DDA2A1-B71E-4D9D-AF98-F6035F2893C4}.Release|Any CPU.ActiveCfg = Release|Any CPU
		{B1DDA2A1-B71E-4D9D-AF98-F6035F2893C4}.Release|Any CPU.Build.0 = Release|Any CPU
		{4E7A8B96-8075-45C9-A075-054313B20153}.Debug|Any CPU.ActiveCfg = Debug|Any CPU
		{4E7A8B96-8075-45C9-A075-054313B20153}.Debug|Any CPU.Build.0 = Debug|Any CPU
		{4E7A8B96-8075-45C9-A075-054313B20153}.Release|Any CPU.ActiveCfg = Release|Any CPU
		{4E7A8B96-8075-45C9-A075-054313B20153}.Release|Any CPU.Build.0 = Release|Any CPU
		{BBEA72E8-6CC5-4BC2-B3F3-40DF104CF687}.Debug|Any CPU.ActiveCfg = Debug|Any CPU
		{BBEA72E8-6CC5-4BC2-B3F3-40DF104CF687}.Debug|Any CPU.Build.0 = Debug|Any CPU
		{BBEA72E8-6CC5-4BC2-B3F3-40DF104CF687}.Release|Any CPU.ActiveCfg = Release|Any CPU
		{BBEA72E8-6CC5-4BC2-B3F3-40DF104CF687}.Release|Any CPU.Build.0 = Release|Any CPU
	EndGlobalSection
	GlobalSection(SolutionProperties) = preSolution
		HideSolutionNode = FALSE
	EndGlobalSection
EndGlobal
