
Microsoft Visual Studio Solution File, Format Version 12.00
# Visual Studio 14
VisualStudioVersion = 14.0.23107.0
MinimumVisualStudioVersion = 10.0.40219.1
Project("{FAE04EC0-301F-11D3-BF4B-00C04F79EFBC}") = "TCPClient", "TCPClient\TCPClient.csproj", "{2A79AB51-83FB-4DC7-A0D2-5D2F542C9F48}"
EndProject
Project("{FAE04EC0-301F-11D3-BF4B-00C04F79EFBC}") = "Serializer", "Serializer\Serializer.csproj", "{B2240904-D91A-4A4E-BBD2-74D4AB69E15D}"
EndProject
Global
	GlobalSection(SolutionConfigurationPlatforms) = preSolution
		Debug|Any CPU = Debug|Any CPU
		Release|Any CPU = Release|Any CPU
	EndGlobalSection
	GlobalSection(ProjectConfigurationPlatforms) = postSolution
		{2A79AB51-83FB-4DC7-A0D2-5D2F542C9F48}.Debug|Any CPU.ActiveCfg = Debug|Any CPU
		{2A79AB51-83FB-4DC7-A0D2-5D2F542C9F48}.Debug|Any CPU.Build.0 = Debug|Any CPU
		{2A79AB51-83FB-4DC7-A0D2-5D2F542C9F48}.Release|Any CPU.ActiveCfg = Release|Any CPU
		{2A79AB51-83FB-4DC7-A0D2-5D2F542C9F48}.Release|Any CPU.Build.0 = Release|Any CPU
		{B2240904-D91A-4A4E-BBD2-74D4AB69E15D}.Debug|Any CPU.ActiveCfg = Debug|Any CPU
		{B2240904-D91A-4A4E-BBD2-74D4AB69E15D}.Debug|Any CPU.Build.0 = Debug|Any CPU
		{B2240904-D91A-4A4E-BBD2-74D4AB69E15D}.Release|Any CPU.ActiveCfg = Release|Any CPU
		{B2240904-D91A-4A4E-BBD2-74D4AB69E15D}.Release|Any CPU.Build.0 = Release|Any CPU
	EndGlobalSection
	GlobalSection(SolutionProperties) = preSolution
		HideSolutionNode = FALSE
	EndGlobalSection
EndGlobal
